{
  "name": "quickstart-watch-agent",
  "lockfileVersion": 3,
  "requires": true,
  "packages": {
    "": {
      "name": "quickstart-watch-agent",
      "dependencies": {
        "@opencomputer/agent": "0.7.5",
        "ipaddr.js": "^2.2.0"
      }
    },
    "node_modules/@opencomputer/agent": {
      "version": "0.7.5",
      "resolved": "https://registry.npmjs.org/@opencomputer/agent/-/agent-0.7.5.tgz",
      "integrity": "sha512-MYfZCTmXsv47+xrTPePxy2PNft6xZLvwulyUsMaRdAPMot+BMr4/CaExk8Dh56GyB6Ye2yagnZzOEvOS2Lswqg==",
      "dependencies": {
        "croner": "^9.1.0"
      },
      "engines": {
        "node": ">=22.0.0"
      }
    },
    "node_modules/croner": {
      "version": "9.1.0",
      "resolved": "https://registry.npmjs.org/croner/-/croner-9.1.0.tgz",
      "integrity": "sha512-p9nwwR4qyT5W996vBZhdvBCnMhicY5ytZkR4D1Xj0wuTDEiMnjwR57Q3RXYY/s0EpX6Ay3vgIcfaR+ewGHsi+g==",
      "license": "MIT",
      "engines": {
        "node": ">=18.0"
      }
    },
    "node_modules/ipaddr.js": {
      "version": "2.5.0",
      "resolved": "https://registry.npmjs.org/ipaddr.js/-/ipaddr.js-2.5.0.tgz",
      "integrity": "sha512-aq+t5NAc+cS6rZQQVWC2x98CPqGtKKTMDd4Gaodv0wShnItdKg/51djkGJ1hqH+Oy0ivDftCbSLCQob8zso01w==",
      "license": "MIT",
      "engines": {
        "node": ">= 10"
      }
    }
  }
}
